
Microsoft Visual Studio Solution File, Format Version 12.00
# Visual Studio Version 16
VisualStudioVersion = 16.0.29519.87
MinimumVisualStudioVersion = 10.0.40219.1
Project("{FAE04EC0-301F-11D3-BF4B-00C04F79EFBC}") = "Project2-PuzzleGame", "Project2-PuzzleGame\Project2-PuzzleGame.csproj", "{C155DE05-7F38-4CB9-BAD4-99A80725CCEE}"
EndProject
Global
	GlobalSection(SolutionConfigurationPlatforms) = preSolution
		Debug|Any CPU = Debug|Any CPU
		Release|Any CPU = Release|Any CPU
	EndGlobalSection
	GlobalSection(ProjectConfigurationPlatforms) = postSolution
		{C155DE05-7F38-4CB9-BAD4-99A80725CCEE}.Debug|Any CPU.ActiveCfg = Debug|Any CPU
		{C155DE05-7F38-4CB9-BAD4-99A80725CCEE}.Debug|Any CPU.Build.0 = Debug|Any CPU
		{C155DE05-7F38-4CB9-BAD4-99A80725CCEE}.Release|Any CPU.ActiveCfg = Release|Any CPU
		{C155DE05-7F38-4CB9-BAD4-99A80725CCEE}.Release|Any CPU.Build.0 = Release|Any CPU
	EndGlobalSection
	GlobalSection(SolutionProperties) = preSolution
		HideSolutionNode = FALSE
	EndGlobalSection
	GlobalSection(ExtensibilityGlobals) = postSolution
		SolutionGuid = {32AD7B10-9269-420F-ADCB-ADC627AA2C12}
	EndGlobalSection
EndGlobal
